
Microsoft Visual Studio Solution File, Format Version 12.00
# Visual Studio 14
VisualStudioVersion = 14.0.25123.0
MinimumVisualStudioVersion = 10.0.40219.1
Project("{FAE04EC0-301F-11D3-BF4B-00C04F79EFBC}") = "GSharp.Modules.System.IO", "GSharp.Modules.System.IO\GSharp.Modules.System.IO.csproj", "{8005B28A-FA27-4786-99A2-A0B9B74AA8BB}"
EndProject
Project("{FAE04EC0-301F-11D3-BF4B-00C04F79EFBC}") = "GSharp.Modules.System.Time", "GSharp.Modules.System.Time\GSharp.Modules.System.Time.csproj", "{837D4E6A-BA86-4769-B7A9-20C64D43D452}"
EndProject
Global
	GlobalSection(SolutionConfigurationPlatforms) = preSolution
		Debug|Any CPU = Debug|Any CPU
		Release|Any CPU = Release|Any CPU
	EndGlobalSection
	GlobalSection(ProjectConfigurationPlatforms) = postSolution
		{8005B28A-FA27-4786-99A2-A0B9B74AA8BB}.Debug|Any CPU.ActiveCfg = Debug|Any CPU
		{8005B28A-FA27-4786-99A2-A0B9B74AA8BB}.Debug|Any CPU.Build.0 = Debug|Any CPU
		{8005B28A-FA27-4786-99A2-A0B9B74AA8BB}.Release|Any CPU.ActiveCfg = Release|Any CPU
		{8005B28A-FA27-4786-99A2-A0B9B74AA8BB}.Release|Any CPU.Build.0 = Release|Any CPU
		{837D4E6A-BA86-4769-B7A9-20C64D43D452}.Debug|Any CPU.ActiveCfg = Debug|Any CPU
		{837D4E6A-BA86-4769-B7A9-20C64D43D452}.Debug|Any CPU.Build.0 = Debug|Any CPU
		{837D4E6A-BA86-4769-B7A9-20C64D43D452}.Release|Any CPU.ActiveCfg = Release|Any CPU
		{837D4E6A-BA86-4769-B7A9-20C64D43D452}.Release|Any CPU.Build.0 = Release|Any CPU
	EndGlobalSection
	GlobalSection(SolutionProperties) = preSolution
		HideSolutionNode = FALSE
	EndGlobalSection
EndGlobal
