
Microsoft Visual Studio Solution File, Format Version 12.00
# Visual Studio 14
VisualStudioVersion = 14.0.25420.1
MinimumVisualStudioVersion = 10.0.40219.1
Project("{FAE04EC0-301F-11D3-BF4B-00C04F79EFBC}") = "GSharp.Modules.Media.Sound", "GSharp.Modules.Media.Sound\GSharp.Modules.Media.Sound.csproj", "{B47ED939-1CCC-4891-9D38-42A4DEAE8C55}"
EndProject
Project("{FAE04EC0-301F-11D3-BF4B-00C04F79EFBC}") = "GSharp.Modules.Core.Dialog", "GSharp.Modules.Core.Dialog\GSharp.Modules.Core.Dialog.csproj", "{DA541697-C44D-4641-8739-8B45568685F2}"
EndProject
Project("{FAE04EC0-301F-11D3-BF4B-00C04F79EFBC}") = "GSharp.Modules.Core.IO", "GSharp.Modules.Core.IO\GSharp.Modules.Core.IO.csproj", "{FA8F3724-C03B-455E-8CB6-D02E922882A9}"
EndProject
Project("{FAE04EC0-301F-11D3-BF4B-00C04F79EFBC}") = "GSharp.Modules.Core.Time", "GSharp.Modules.Core.Time\GSharp.Modules.Core.Time.csproj", "{816D3DE5-97C3-4A62-8C20-11A26D959019}"
EndProject
Project("{FAE04EC0-301F-11D3-BF4B-00C04F79EFBC}") = "GSharp.Modules.Core.Console", "GSharp.Modules.Core.Console\GSharp.Modules.Core.Console.csproj", "{88DC238E-7AE0-4037-BB1F-81263517FAB8}"
EndProject
Project("{FAE04EC0-301F-11D3-BF4B-00C04F79EFBC}") = "GSharp.Modules.Control", "GSharp.Modules.Control\GSharp.Modules.Control.csproj", "{65CF3D4A-8FE0-49C0-9C98-D1C89913B5F7}"
EndProject
Project("{FAE04EC0-301F-11D3-BF4B-00C04F79EFBC}") = "GSharp.Modules.Hue", "GSharp.Modules.Hue\GSharp.Modules.Hue.csproj", "{72950760-430D-4D90-BA46-1049BEA25290}"
EndProject
Project("{FAE04EC0-301F-11D3-BF4B-00C04F79EFBC}") = "GSharp.Modules.Live2D", "GSharp.Modules.Live2D\GSharp.Modules.Live2D.csproj", "{B3FBEC3C-5186-4A6B-B3C7-902D13AB3649}"
EndProject
Project("{FAE04EC0-301F-11D3-BF4B-00C04F79EFBC}") = "GSharp.Modules.Accord", "GSharp.Modules.Accord\GSharp.Modules.Accord.csproj", "{6C80E21F-26AB-4035-9EFF-7F48AB7C7BFF}"
EndProject
Project("{FAE04EC0-301F-11D3-BF4B-00C04F79EFBC}") = "GSharp.Modules.Core.Permission", "GSharp.Modules.Core.Permission\GSharp.Modules.Core.Permission.csproj", "{E3C53A8A-C41C-44DF-90D0-AEB4C32896DD}"
EndProject
Project("{FAE04EC0-301F-11D3-BF4B-00C04F79EFBC}") = "GSharp.Moudles.ConnectWeb", "GSharp.Moudles.ConnectWeb\GSharp.Moudles.ConnectWeb.csproj", "{6612D213-A3D5-425D-9CF9-26B5151FAD0A}"
EndProject
Project("{FAE04EC0-301F-11D3-BF4B-00C04F79EFBC}") = "GSharp.Moudles.Cpu", "GSharp.Moudles.Cpu\GSharp.Moudles.Cpu.csproj", "{9CB83465-84C3-471E-AC23-82D257A93970}"
EndProject
Project("{FAE04EC0-301F-11D3-BF4B-00C04F79EFBC}") = "Gsharp.Moudles.Ipv4", "Gsharp.Moudles.Ipv4\Gsharp.Moudles.Ipv4.csproj", "{085576D2-9AC4-490E-9689-45FEE06FA816}"
EndProject
Project("{FAE04EC0-301F-11D3-BF4B-00C04F79EFBC}") = "GSharp.Moudles.Ram", "GSharp.Moudles.Ram\GSharp.Moudles.Ram.csproj", "{AABC2053-C7CA-4778-BFDF-D8ED43795D40}"
EndProject
Project("{FAE04EC0-301F-11D3-BF4B-00C04F79EFBC}") = "GSharp.Moudles.RegDelete", "GSharp.Moudles.RegDelete\GSharp.Moudles.RegDelete.csproj", "{44E46054-D9B6-4966-BCFC-8063C0FDA02F}"
EndProject
Global
	GlobalSection(SolutionConfigurationPlatforms) = preSolution
		Debug|Any CPU = Debug|Any CPU
		Release|Any CPU = Release|Any CPU
	EndGlobalSection
	GlobalSection(ProjectConfigurationPlatforms) = postSolution
		{B47ED939-1CCC-4891-9D38-42A4DEAE8C55}.Debug|Any CPU.ActiveCfg = Debug|Any CPU
		{B47ED939-1CCC-4891-9D38-42A4DEAE8C55}.Debug|Any CPU.Build.0 = Debug|Any CPU
		{B47ED939-1CCC-4891-9D38-42A4DEAE8C55}.Release|Any CPU.ActiveCfg = Release|Any CPU
		{B47ED939-1CCC-4891-9D38-42A4DEAE8C55}.Release|Any CPU.Build.0 = Release|Any CPU
		{DA541697-C44D-4641-8739-8B45568685F2}.Debug|Any CPU.ActiveCfg = Debug|Any CPU
		{DA541697-C44D-4641-8739-8B45568685F2}.Debug|Any CPU.Build.0 = Debug|Any CPU
		{DA541697-C44D-4641-8739-8B45568685F2}.Release|Any CPU.ActiveCfg = Release|Any CPU
		{DA541697-C44D-4641-8739-8B45568685F2}.Release|Any CPU.Build.0 = Release|Any CPU
		{FA8F3724-C03B-455E-8CB6-D02E922882A9}.Debug|Any CPU.ActiveCfg = Debug|Any CPU
		{FA8F3724-C03B-455E-8CB6-D02E922882A9}.Debug|Any CPU.Build.0 = Debug|Any CPU
		{FA8F3724-C03B-455E-8CB6-D02E922882A9}.Release|Any CPU.ActiveCfg = Release|Any CPU
		{FA8F3724-C03B-455E-8CB6-D02E922882A9}.Release|Any CPU.Build.0 = Release|Any CPU
		{816D3DE5-97C3-4A62-8C20-11A26D959019}.Debug|Any CPU.ActiveCfg = Debug|Any CPU
		{816D3DE5-97C3-4A62-8C20-11A26D959019}.Debug|Any CPU.Build.0 = Debug|Any CPU
		{816D3DE5-97C3-4A62-8C20-11A26D959019}.Release|Any CPU.ActiveCfg = Release|Any CPU
		{816D3DE5-97C3-4A62-8C20-11A26D959019}.Release|Any CPU.Build.0 = Release|Any CPU
		{88DC238E-7AE0-4037-BB1F-81263517FAB8}.Debug|Any CPU.ActiveCfg = Debug|Any CPU
		{88DC238E-7AE0-4037-BB1F-81263517FAB8}.Debug|Any CPU.Build.0 = Debug|Any CPU
		{88DC238E-7AE0-4037-BB1F-81263517FAB8}.Release|Any CPU.ActiveCfg = Release|Any CPU
		{88DC238E-7AE0-4037-BB1F-81263517FAB8}.Release|Any CPU.Build.0 = Release|Any CPU
		{65CF3D4A-8FE0-49C0-9C98-D1C89913B5F7}.Debug|Any CPU.ActiveCfg = Debug|Any CPU
		{65CF3D4A-8FE0-49C0-9C98-D1C89913B5F7}.Debug|Any CPU.Build.0 = Debug|Any CPU
		{65CF3D4A-8FE0-49C0-9C98-D1C89913B5F7}.Release|Any CPU.ActiveCfg = Release|Any CPU
		{65CF3D4A-8FE0-49C0-9C98-D1C89913B5F7}.Release|Any CPU.Build.0 = Release|Any CPU
		{72950760-430D-4D90-BA46-1049BEA25290}.Debug|Any CPU.ActiveCfg = Debug|Any CPU
		{72950760-430D-4D90-BA46-1049BEA25290}.Debug|Any CPU.Build.0 = Debug|Any CPU
		{72950760-430D-4D90-BA46-1049BEA25290}.Release|Any CPU.ActiveCfg = Release|Any CPU
		{72950760-430D-4D90-BA46-1049BEA25290}.Release|Any CPU.Build.0 = Release|Any CPU
		{B3FBEC3C-5186-4A6B-B3C7-902D13AB3649}.Debug|Any CPU.ActiveCfg = Debug|Any CPU
		{B3FBEC3C-5186-4A6B-B3C7-902D13AB3649}.Debug|Any CPU.Build.0 = Debug|Any CPU
		{B3FBEC3C-5186-4A6B-B3C7-902D13AB3649}.Release|Any CPU.ActiveCfg = Release|Any CPU
		{B3FBEC3C-5186-4A6B-B3C7-902D13AB3649}.Release|Any CPU.Build.0 = Release|Any CPU
		{6C80E21F-26AB-4035-9EFF-7F48AB7C7BFF}.Debug|Any CPU.ActiveCfg = Debug|Any CPU
		{6C80E21F-26AB-4035-9EFF-7F48AB7C7BFF}.Debug|Any CPU.Build.0 = Debug|Any CPU
		{6C80E21F-26AB-4035-9EFF-7F48AB7C7BFF}.Release|Any CPU.ActiveCfg = Release|Any CPU
		{6C80E21F-26AB-4035-9EFF-7F48AB7C7BFF}.Release|Any CPU.Build.0 = Release|Any CPU
		{E3C53A8A-C41C-44DF-90D0-AEB4C32896DD}.Debug|Any CPU.ActiveCfg = Debug|Any CPU
		{E3C53A8A-C41C-44DF-90D0-AEB4C32896DD}.Debug|Any CPU.Build.0 = Debug|Any CPU
		{E3C53A8A-C41C-44DF-90D0-AEB4C32896DD}.Release|Any CPU.ActiveCfg = Release|Any CPU
		{E3C53A8A-C41C-44DF-90D0-AEB4C32896DD}.Release|Any CPU.Build.0 = Release|Any CPU
		{6612D213-A3D5-425D-9CF9-26B5151FAD0A}.Debug|Any CPU.ActiveCfg = Debug|Any CPU
		{6612D213-A3D5-425D-9CF9-26B5151FAD0A}.Debug|Any CPU.Build.0 = Debug|Any CPU
		{6612D213-A3D5-425D-9CF9-26B5151FAD0A}.Release|Any CPU.ActiveCfg = Release|Any CPU
		{6612D213-A3D5-425D-9CF9-26B5151FAD0A}.Release|Any CPU.Build.0 = Release|Any CPU
		{9CB83465-84C3-471E-AC23-82D257A93970}.Debug|Any CPU.ActiveCfg = Debug|Any CPU
		{9CB83465-84C3-471E-AC23-82D257A93970}.Debug|Any CPU.Build.0 = Debug|Any CPU
		{9CB83465-84C3-471E-AC23-82D257A93970}.Release|Any CPU.ActiveCfg = Release|Any CPU
		{9CB83465-84C3-471E-AC23-82D257A93970}.Release|Any CPU.Build.0 = Release|Any CPU
		{085576D2-9AC4-490E-9689-45FEE06FA816}.Debug|Any CPU.ActiveCfg = Debug|Any CPU
		{085576D2-9AC4-490E-9689-45FEE06FA816}.Debug|Any CPU.Build.0 = Debug|Any CPU
		{085576D2-9AC4-490E-9689-45FEE06FA816}.Release|Any CPU.ActiveCfg = Release|Any CPU
		{085576D2-9AC4-490E-9689-45FEE06FA816}.Release|Any CPU.Build.0 = Release|Any CPU
		{AABC2053-C7CA-4778-BFDF-D8ED43795D40}.Debug|Any CPU.ActiveCfg = Debug|Any CPU
		{AABC2053-C7CA-4778-BFDF-D8ED43795D40}.Debug|Any CPU.Build.0 = Debug|Any CPU
		{AABC2053-C7CA-4778-BFDF-D8ED43795D40}.Release|Any CPU.ActiveCfg = Release|Any CPU
		{AABC2053-C7CA-4778-BFDF-D8ED43795D40}.Release|Any CPU.Build.0 = Release|Any CPU
		{44E46054-D9B6-4966-BCFC-8063C0FDA02F}.Debug|Any CPU.ActiveCfg = Debug|Any CPU
		{44E46054-D9B6-4966-BCFC-8063C0FDA02F}.Debug|Any CPU.Build.0 = Debug|Any CPU
		{44E46054-D9B6-4966-BCFC-8063C0FDA02F}.Release|Any CPU.ActiveCfg = Release|Any CPU
		{44E46054-D9B6-4966-BCFC-8063C0FDA02F}.Release|Any CPU.Build.0 = Release|Any CPU
	EndGlobalSection
	GlobalSection(SolutionProperties) = preSolution
		HideSolutionNode = FALSE
	EndGlobalSection
EndGlobal
